{
  "name": "codex-qq-bot",
  "version": "1.0.0",
  "lockfileVersion": 3,
  "requires": true,
  "packages": {
    "": {
      "name": "codex-qq-bot",
      "version": "1.0.0",
      "dependencies": {
        "@tencent-connect/qqbot-connector": "^1.2.0",
        "@tencent-connect/qqbot-nodejs": "^1.0.4"
      },
      "engines": {
        "node": ">=18"
      }
    },
    "node_modules/@tencent-connect/qqbot-connector": {
      "version": "1.2.0",
      "resolved": "https://registry.npmmirror.com/@tencent-connect/qqbot-connector/-/qqbot-connector-1.2.0.tgz",
      "integrity": "sha512-FAOUCvgxP4M9UiYbHrtVgJ7BavSlh1CHJPjeEQuTAkP9MZ91lX4yATqv6I/lB9yp15nVq+G2DaGSSJwQTSoSsA==",
      "license": "UNLICENSED",
      "dependencies": {
        "qrcode-terminal": "^0.12"
      },
      "engines": {
        "node": ">=18.0.0"
      }
    },
    "node_modules/@tencent-connect/qqbot-nodejs": {
      "version": "1.0.4",
      "resolved": "https://registry.npmmirror.com/@tencent-connect/qqbot-nodejs/-/qqbot-nodejs-1.0.4.tgz",
      "integrity": "sha512-gU5HySLplczZXMUjM7NtiUACY7YfX9YlI/R9PKzCLMgLmHvwsX9L2sitsrYPMentGUr9b8NLfSaSTsndF77NBA==",
      "license": "MIT",
      "dependencies": {
        "ws": "^8.21.0"
      },
      "engines": {
        "node": ">=18"
      },
      "peerDependencies": {
        "mpg123-decoder": "^1.0.3",
        "silk-wasm": "^3.7.1"
      },
      "peerDependenciesMeta": {
        "mpg123-decoder": {
          "optional": true
        },
        "silk-wasm": {
          "optional": true
        }
      }
    },
    "node_modules/qrcode-terminal": {
      "version": "0.12.0",
      "resolved": "https://registry.npmmirror.com/qrcode-terminal/-/qrcode-terminal-0.12.0.tgz",
      "integrity": "sha512-EXtzRZmC+YGmGlDFbXKxQiMZNwCLEO6BANKXG4iCtSIM0yqc/pappSx3RIKr4r0uh5JsBckOXeKrB3Iz7mdQpQ==",
      "bin": {
        "qrcode-terminal": "bin/qrcode-terminal.js"
      }
    },
    "node_modules/ws": {
      "version": "8.21.1",
      "resolved": "https://registry.npmmirror.com/ws/-/ws-8.21.1.tgz",
      "integrity": "sha512-+0NTnW77fFN/DjQi6k/Sq/Yvk4Sgajw7urW8V+asjXnRgDs9gyGkdb7EzgfhA4goXsRIZKE28fzIXBHEzhuiWw==",
      "license": "MIT",
      "engines": {
        "node": ">=10.0.0"
      },
      "peerDependencies": {
        "bufferutil": "^4.0.1",
        "utf-8-validate": ">=5.0.2"
      },
      "peerDependenciesMeta": {
        "bufferutil": {
          "optional": true
        },
        "utf-8-validate": {
          "optional": true
        }
      }
    }
  }
}
